
Microsoft Visual Studio Solution File, Format Version 12.00
# Visual Studio Version 17
VisualStudioVersion = 17.13.35913.81
MinimumVisualStudioVersion = 10.0.40219.1
Project("{FAE04EC0-301F-11D3-BF4B-00C04F79EFBC}") = "Seq.App.GoogleChat", "src\Seq.App.GoogleChat\Seq.App.GoogleChat.csproj", "{80C336AB-5408-45E5-9D41-850CDF0DAD46}"
EndProject
Project("{9A19103F-16F7-4668-BE54-9A1E7A4F7556}") = "Seq.App.GoogleChat.Tests", "test\Seq.App.GoogleChat.Tests\Seq.App.GoogleChat.Tests.csproj", "{143E44C0-C8B0-473D-9522-B31BCAA81A80}"
EndProject
Project("{2150E333-8FDC-42A3-9474-1A3956D46DE8}") = "Solution Items", "Solution Items", "{8EC462FD-D22E-90A8-E5CE-7E832BA40C5D}"
	ProjectSection(SolutionItems) = preProject
		.gitignore = .gitignore
		CHANGELOG.md = CHANGELOG.md
		LICENSE = LICENSE
		package.json = package.json
		.github\workflows\pr.yml = .github\workflows\pr.yml
		README.md = README.md
		.github\workflows\release.yml = .github\workflows\release.yml
	EndProjectSection
EndProject
Global
	GlobalSection(SolutionConfigurationPlatforms) = preSolution
		Debug|Any CPU = Debug|Any CPU
		Release|Any CPU = Release|Any CPU
	EndGlobalSection
	GlobalSection(ProjectConfigurationPlatforms) = postSolution
		{80C336AB-5408-45E5-9D41-850CDF0DAD46}.Debug|Any CPU.ActiveCfg = Debug|Any CPU
		{80C336AB-5408-45E5-9D41-850CDF0DAD46}.Debug|Any CPU.Build.0 = Debug|Any CPU
		{80C336AB-5408-45E5-9D41-850CDF0DAD46}.Release|Any CPU.ActiveCfg = Release|Any CPU
		{80C336AB-5408-45E5-9D41-850CDF0DAD46}.Release|Any CPU.Build.0 = Release|Any CPU
		{143E44C0-C8B0-473D-9522-B31BCAA81A80}.Debug|Any CPU.ActiveCfg = Debug|Any CPU
		{143E44C0-C8B0-473D-9522-B31BCAA81A80}.Debug|Any CPU.Build.0 = Debug|Any CPU
		{143E44C0-C8B0-473D-9522-B31BCAA81A80}.Release|Any CPU.ActiveCfg = Release|Any CPU
		{143E44C0-C8B0-473D-9522-B31BCAA81A80}.Release|Any CPU.Build.0 = Release|Any CPU
	EndGlobalSection
	GlobalSection(SolutionProperties) = preSolution
		HideSolutionNode = FALSE
	EndGlobalSection
	GlobalSection(ExtensibilityGlobals) = postSolution
		SolutionGuid = {E61C3387-2CD9-45BB-A043-CD71994AE12F}
	EndGlobalSection
EndGlobal
